
Microsoft Visual Studio Solution File, Format Version 12.00
# Visual Studio Version 17
VisualStudioVersion = 17.5.33530.505
MinimumVisualStudioVersion = 10.0.40219.1
Project("{FAE04EC0-301F-11D3-BF4B-00C04F79EFBC}") = "ExchangeTrafic", "ExchangeTrafic\ExchangeTrafic.csproj", "{B34ED0B4-4D7E-4DC5-88AC-E6D291D9A057}"
EndProject
Global
	GlobalSection(SolutionConfigurationPlatforms) = preSolution
		Debug|Any CPU = Debug|Any CPU
		Release|Any CPU = Release|Any CPU
	EndGlobalSection
	GlobalSection(ProjectConfigurationPlatforms) = postSolution
		{B34ED0B4-4D7E-4DC5-88AC-E6D291D9A057}.Debug|Any CPU.ActiveCfg = Debug|Any CPU
		{B34ED0B4-4D7E-4DC5-88AC-E6D291D9A057}.Debug|Any CPU.Build.0 = Debug|Any CPU
		{B34ED0B4-4D7E-4DC5-88AC-E6D291D9A057}.Release|Any CPU.ActiveCfg = Release|Any CPU
		{B34ED0B4-4D7E-4DC5-88AC-E6D291D9A057}.Release|Any CPU.Build.0 = Release|Any CPU
	EndGlobalSection
	GlobalSection(SolutionProperties) = preSolution
		HideSolutionNode = FALSE
	EndGlobalSection
	GlobalSection(ExtensibilityGlobals) = postSolution
		SolutionGuid = {9CE440AA-E2EB-40A5-BFBE-64C8D0B4DAE4}
	EndGlobalSection
EndGlobal
